apiVersion: agent-failure/v1alpha1
kind: RuntimeImageLock
metadata:
  environment: dev
images:
  - lab_slug: agent-prompt-injection
    lab_version: "v1"
    image_repo: "ghcr.io/kwal0203/agent-failure-runtime-v1"
    image_digest: "sha256:a5dda295c629c6c6c41e1ec8974c48ab3879b9fd81d1d661b5ed3bdead6e9975"
    image_ref: "ghcr.io/kwal0203/agent-failure-runtime-v1@sha256:a5dda295c629c6c6c41e1ec8974c48ab3879b9fd81d1d661b5ed3bdead6e9975"
    build_git_sha: "28b3dc9"
    built_at_utc: "2026-05-16T20:59:30Z"
    status: "active"
  - lab_slug: agent-tool-misuse
    lab_version: "v1"
    image_repo: "ghcr.io/kwal0203/agent-failure-runtime-v1"
    image_digest: "sha256:a5dda295c629c6c6c41e1ec8974c48ab3879b9fd81d1d661b5ed3bdead6e9975"
    image_ref: "ghcr.io/kwal0203/agent-failure-runtime-v1@sha256:a5dda295c629c6c6c41e1ec8974c48ab3879b9fd81d1d661b5ed3bdead6e9975"
    build_git_sha: "28b3dc9"
    built_at_utc: "2026-05-16T20:59:30Z"
    status: "active"
  - lab_slug: agent-memory-poisoning
    lab_version: "v1"
    image_repo: "ghcr.io/kwal0203/agent-failure-runtime-v1"
    image_digest: "sha256:a5dda295c629c6c6c41e1ec8974c48ab3879b9fd81d1d661b5ed3bdead6e9975"
    image_ref: "ghcr.io/kwal0203/agent-failure-runtime-v1@sha256:a5dda295c629c6c6c41e1ec8974c48ab3879b9fd81d1d661b5ed3bdead6e9975"
    build_git_sha: "28b3dc9"
    built_at_utc: "2026-05-16T20:59:30Z"
    status: "active"
