apiVersion: agent-failure/v1alpha1
kind: RuntimeImageLock
metadata:
  environment: dev
images:
  - lab_slug: agent-prompt-injection
    lab_version: "v1"
    image_repo: "ghcr.io/kwal0203/agent-failure-runtime-v1"
    image_digest: "sha256:f937b570059dc0513d7aeae0d1c2083b592f05d2dc73dbe6a5d3fb34aa33df9f"
    image_ref: "ghcr.io/kwal0203/agent-failure-runtime-v1@sha256:f937b570059dc0513d7aeae0d1c2083b592f05d2dc73dbe6a5d3fb34aa33df9f"
    build_git_sha: "abb3202"
    built_at_utc: "2026-05-24T18:25:44Z"
    status: "active"
  - lab_slug: agent-tool-misuse
    lab_version: "v1"
    image_repo: "ghcr.io/kwal0203/agent-failure-runtime-v1"
    image_digest: "sha256:f937b570059dc0513d7aeae0d1c2083b592f05d2dc73dbe6a5d3fb34aa33df9f"
    image_ref: "ghcr.io/kwal0203/agent-failure-runtime-v1@sha256:f937b570059dc0513d7aeae0d1c2083b592f05d2dc73dbe6a5d3fb34aa33df9f"
    build_git_sha: "abb3202"
    built_at_utc: "2026-05-24T18:25:44Z"
    status: "active"
  - lab_slug: agent-memory-poisoning
    lab_version: "v1"
    image_repo: "ghcr.io/kwal0203/agent-failure-runtime-v1"
    image_digest: "sha256:f937b570059dc0513d7aeae0d1c2083b592f05d2dc73dbe6a5d3fb34aa33df9f"
    image_ref: "ghcr.io/kwal0203/agent-failure-runtime-v1@sha256:f937b570059dc0513d7aeae0d1c2083b592f05d2dc73dbe6a5d3fb34aa33df9f"
    build_git_sha: "abb3202"
    built_at_utc: "2026-05-24T18:25:44Z"
    status: "active"
