apiVersion: agent-failure/v1alpha1
kind: RuntimeImageLock
metadata:
  environment: dev
images:
  - lab_slug: agent-prompt-injection
    lab_version: "v1"
    image_repo: "ghcr.io/kwal0203/agent-failure-runtime-v1"
    image_digest: "sha256:b12e65a6ca26522778ec881c6b82860f5ae085a460e70717d772dd80d01c9057"
    image_ref: "ghcr.io/kwal0203/agent-failure-runtime-v1@sha256:b12e65a6ca26522778ec881c6b82860f5ae085a460e70717d772dd80d01c9057"
    build_git_sha: "84590f3"
    built_at_utc: "2026-05-24T20:42:37Z"
    status: "active"
  - lab_slug: agent-tool-misuse
    lab_version: "v1"
    image_repo: "ghcr.io/kwal0203/agent-failure-runtime-v1"
    image_digest: "sha256:b12e65a6ca26522778ec881c6b82860f5ae085a460e70717d772dd80d01c9057"
    image_ref: "ghcr.io/kwal0203/agent-failure-runtime-v1@sha256:b12e65a6ca26522778ec881c6b82860f5ae085a460e70717d772dd80d01c9057"
    build_git_sha: "84590f3"
    built_at_utc: "2026-05-24T20:42:37Z"
    status: "active"
  - lab_slug: agent-memory-poisoning
    lab_version: "v1"
    image_repo: "ghcr.io/kwal0203/agent-failure-runtime-v1"
    image_digest: "sha256:b12e65a6ca26522778ec881c6b82860f5ae085a460e70717d772dd80d01c9057"
    image_ref: "ghcr.io/kwal0203/agent-failure-runtime-v1@sha256:b12e65a6ca26522778ec881c6b82860f5ae085a460e70717d772dd80d01c9057"
    build_git_sha: "84590f3"
    built_at_utc: "2026-05-24T20:42:37Z"
    status: "active"
