apiVersion: agent-failure/v1alpha1
kind: RuntimeImageLock
metadata:
  environment: staging
images:
  - lab_slug: agent-prompt-injection
    lab_version: "v1"
    image_repo: "ghcr.io/kwal0203/agent-failure-runtime-v1"
    image_digest: "sha256:5c3a908577f5042d03362daf5738555927dc54c8e8a1eb79499cbfca8e009cb6"
    image_ref: "ghcr.io/kwal0203/agent-failure-runtime-v1@sha256:5c3a908577f5042d03362daf5738555927dc54c8e8a1eb79499cbfca8e009cb6"
    build_git_sha: "f8db735"
    built_at_utc: "2026-05-07T07:10:26Z"
    status: "active"
  - lab_slug: agent-tool-misuse
    lab_version: "v1"
    image_repo: "ghcr.io/kwal0203/agent-failure-runtime-v1"
    image_digest: "sha256:5c3a908577f5042d03362daf5738555927dc54c8e8a1eb79499cbfca8e009cb6"
    image_ref: "ghcr.io/kwal0203/agent-failure-runtime-v1@sha256:5c3a908577f5042d03362daf5738555927dc54c8e8a1eb79499cbfca8e009cb6"
    build_git_sha: "f8db735"
    built_at_utc: "2026-05-07T07:10:26Z"
    status: "active"
  - lab_slug: agent-memory-poisoning
    lab_version: "v1"
    image_repo: "ghcr.io/kwal0203/agent-failure-runtime-v1"
    image_digest: "sha256:5c3a908577f5042d03362daf5738555927dc54c8e8a1eb79499cbfca8e009cb6"
    image_ref: "ghcr.io/kwal0203/agent-failure-runtime-v1@sha256:5c3a908577f5042d03362daf5738555927dc54c8e8a1eb79499cbfca8e009cb6"
    build_git_sha: "f8db735"
    built_at_utc: "2026-05-07T07:10:26Z"
    status: "active"

