apiVersion: agent-failure/v1alpha1
kind: RuntimeImageLock
metadata:
  environment: staging
images:
  - lab_slug: agent-prompt-injection
    lab_version: "v1"
    image_repo: "ghcr.io/kwal0203/agent-failure-runtime-v1"
    image_digest: "sha256:d6dd632e68395d7653d0f8da6678a5a105c5d7d07cab445f54a903ac907251c7"
    image_ref: "ghcr.io/kwal0203/agent-failure-runtime-v1@sha256:d6dd632e68395d7653d0f8da6678a5a105c5d7d07cab445f54a903ac907251c7"
    build_git_sha: "36d55d0"
    built_at_utc: "2026-05-02T18:00:51Z"
    status: "active"
  - lab_slug: agent-tool-misuse
    lab_version: "v1"
    image_repo: "ghcr.io/kwal0203/agent-failure-runtime-v1"
    image_digest: "sha256:d6dd632e68395d7653d0f8da6678a5a105c5d7d07cab445f54a903ac907251c7"
    image_ref: "ghcr.io/kwal0203/agent-failure-runtime-v1@sha256:d6dd632e68395d7653d0f8da6678a5a105c5d7d07cab445f54a903ac907251c7"
    build_git_sha: "36d55d0"
    built_at_utc: "2026-05-02T18:00:51Z"
    status: "active"
  - lab_slug: agent-memory-poisoning
    lab_version: "v1"
    image_repo: "ghcr.io/kwal0203/agent-failure-runtime-v1"
    image_digest: "sha256:d6dd632e68395d7653d0f8da6678a5a105c5d7d07cab445f54a903ac907251c7"
    image_ref: "ghcr.io/kwal0203/agent-failure-runtime-v1@sha256:d6dd632e68395d7653d0f8da6678a5a105c5d7d07cab445f54a903ac907251c7"
    build_git_sha: "36d55d0"
    built_at_utc: "2026-05-02T18:00:51Z"
    status: "active"
