apiVersion: agent-failure/v1alpha1
kind: RuntimeImageLock
metadata:
  environment: production
images:
  - lab_slug: agent-prompt-injection
    lab_version: "v1"
    image_repo: "ghcr.io/kwal0203/agent-failure-runtime-v1"
    image_digest: "sha256:67005c2436443e30dd544e3b324b4a31582773d0e5fb401023ef04d12adf674f"
    image_ref: "ghcr.io/kwal0203/agent-failure-runtime-v1@sha256:67005c2436443e30dd544e3b324b4a31582773d0e5fb401023ef04d12adf674f"
    build_git_sha: "388b2af"
    built_at_utc: "2026-05-17T04:41:46Z"
    status: "active"
  - lab_slug: agent-tool-misuse
    lab_version: "v1"
    image_repo: "ghcr.io/kwal0203/agent-failure-runtime-v1"
    image_digest: "sha256:67005c2436443e30dd544e3b324b4a31582773d0e5fb401023ef04d12adf674f"
    image_ref: "ghcr.io/kwal0203/agent-failure-runtime-v1@sha256:67005c2436443e30dd544e3b324b4a31582773d0e5fb401023ef04d12adf674f"
    build_git_sha: "388b2af"
    built_at_utc: "2026-05-17T04:41:46Z"
    status: "active"
  - lab_slug: agent-memory-poisoning
    lab_version: "v1"
    image_repo: "ghcr.io/kwal0203/agent-failure-runtime-v1"
    image_digest: "sha256:67005c2436443e30dd544e3b324b4a31582773d0e5fb401023ef04d12adf674f"
    image_ref: "ghcr.io/kwal0203/agent-failure-runtime-v1@sha256:67005c2436443e30dd544e3b324b4a31582773d0e5fb401023ef04d12adf674f"
    build_git_sha: "388b2af"
    built_at_utc: "2026-05-17T04:41:46Z"
    status: "active"

